
Microsoft Visual Studio Solution File, Format Version 12.00
# Visual Studio 15
Project("{FAE04EC0-301F-11D3-BF4B-00C04F79EFBC}") = "Assembly-CSharp", "Assembly-CSharp.csproj", "{E88B6AC5-5856-236A-DC74-2058EA1B10E8}"
EndProject
Project("{FAE04EC0-301F-11D3-BF4B-00C04F79EFBC}") = "Assembly-CSharp-Editor", "Assembly-CSharp-Editor.csproj", "{468922E0-253A-1E8F-2AC1-66F1E93B17D2}"
EndProject
Global
	GlobalSection(SolutionConfigurationPlatforms) = preSolution
		Debug|Any CPU = Debug|Any CPU
		Release|Any CPU = Release|Any CPU
	EndGlobalSection
	GlobalSection(ProjectConfigurationPlatforms) = postSolution
		{E88B6AC5-5856-236A-DC74-2058EA1B10E8}.Debug|Any CPU.ActiveCfg = Debug|Any CPU
		{E88B6AC5-5856-236A-DC74-2058EA1B10E8}.Debug|Any CPU.Build.0 = Debug|Any CPU
		{E88B6AC5-5856-236A-DC74-2058EA1B10E8}.Release|Any CPU.ActiveCfg = Release|Any CPU
		{E88B6AC5-5856-236A-DC74-2058EA1B10E8}.Release|Any CPU.Build.0 = Release|Any CPU
		{468922E0-253A-1E8F-2AC1-66F1E93B17D2}.Debug|Any CPU.ActiveCfg = Debug|Any CPU
		{468922E0-253A-1E8F-2AC1-66F1E93B17D2}.Debug|Any CPU.Build.0 = Debug|Any CPU
		{468922E0-253A-1E8F-2AC1-66F1E93B17D2}.Release|Any CPU.ActiveCfg = Release|Any CPU
		{468922E0-253A-1E8F-2AC1-66F1E93B17D2}.Release|Any CPU.Build.0 = Release|Any CPU
	EndGlobalSection
	GlobalSection(SolutionProperties) = preSolution
		HideSolutionNode = FALSE
	EndGlobalSection
EndGlobal
